
Microsoft Visual Studio Solution File, Format Version 12.00
# Visual Studio Version 17
VisualStudioVersion = 17.4.33213.308
MinimumVisualStudioVersion = 10.0.40219.1
Project("{FAE04EC0-301F-11D3-BF4B-00C04F79EFBC}") = "Unit04-MultiplicationTable", "Unit04-MultiplicationTable.csproj", "{CF9E073C-040A-4120-9DD6-F9AAD562BC6F}"
EndProject
Global
	GlobalSection(SolutionConfigurationPlatforms) = preSolution
		Debug|Any CPU = Debug|Any CPU
		Release|Any CPU = Release|Any CPU
	EndGlobalSection
	GlobalSection(ProjectConfigurationPlatforms) = postSolution
		{CF9E073C-040A-4120-9DD6-F9AAD562BC6F}.Debug|Any CPU.ActiveCfg = Debug|Any CPU
		{CF9E073C-040A-4120-9DD6-F9AAD562BC6F}.Debug|Any CPU.Build.0 = Debug|Any CPU
		{CF9E073C-040A-4120-9DD6-F9AAD562BC6F}.Release|Any CPU.ActiveCfg = Release|Any CPU
		{CF9E073C-040A-4120-9DD6-F9AAD562BC6F}.Release|Any CPU.Build.0 = Release|Any CPU
	EndGlobalSection
	GlobalSection(SolutionProperties) = preSolution
		HideSolutionNode = FALSE
	EndGlobalSection
	GlobalSection(ExtensibilityGlobals) = postSolution
		SolutionGuid = {24C4B7CE-1D3C-4172-A2B3-AC1039878A51}
	EndGlobalSection
EndGlobal
