
Microsoft Visual Studio Solution File, Format Version 12.00
# Visual Studio Version 17
VisualStudioVersion = 17.5.33502.453
MinimumVisualStudioVersion = 10.0.40219.1
Project("{FAE04EC0-301F-11D3-BF4B-00C04F79EFBC}") = "KansasCensus", "KansasCensus.csproj", "{064BF052-7944-405B-800A-915A82098B28}"
EndProject
Global
	GlobalSection(SolutionConfigurationPlatforms) = preSolution
		Debug|Any CPU = Debug|Any CPU
		Release|Any CPU = Release|Any CPU
	EndGlobalSection
	GlobalSection(ProjectConfigurationPlatforms) = postSolution
		{064BF052-7944-405B-800A-915A82098B28}.Debug|Any CPU.ActiveCfg = Debug|Any CPU
		{064BF052-7944-405B-800A-915A82098B28}.Debug|Any CPU.Build.0 = Debug|Any CPU
		{064BF052-7944-405B-800A-915A82098B28}.Release|Any CPU.ActiveCfg = Release|Any CPU
		{064BF052-7944-405B-800A-915A82098B28}.Release|Any CPU.Build.0 = Release|Any CPU
	EndGlobalSection
	GlobalSection(SolutionProperties) = preSolution
		HideSolutionNode = FALSE
	EndGlobalSection
	GlobalSection(ExtensibilityGlobals) = postSolution
		SolutionGuid = {63B8DB7A-2718-4E5E-8CD8-662766FD4842}
	EndGlobalSection
EndGlobal
