
Microsoft Visual Studio Solution File, Format Version 12.00
# Visual Studio Version 17
VisualStudioVersion = 17.4.33213.308
MinimumVisualStudioVersion = 10.0.40219.1
Project("{FAE04EC0-301F-11D3-BF4B-00C04F79EFBC}") = "Unit02-LabProgram2", "Unit02-LabProgram2.csproj", "{D344BBF4-1B64-4707-A689-1F41FDB4D9E9}"
EndProject
Global
	GlobalSection(SolutionConfigurationPlatforms) = preSolution
		Debug|Any CPU = Debug|Any CPU
		Release|Any CPU = Release|Any CPU
	EndGlobalSection
	GlobalSection(ProjectConfigurationPlatforms) = postSolution
		{D344BBF4-1B64-4707-A689-1F41FDB4D9E9}.Debug|Any CPU.ActiveCfg = Debug|Any CPU
		{D344BBF4-1B64-4707-A689-1F41FDB4D9E9}.Debug|Any CPU.Build.0 = Debug|Any CPU
		{D344BBF4-1B64-4707-A689-1F41FDB4D9E9}.Release|Any CPU.ActiveCfg = Release|Any CPU
		{D344BBF4-1B64-4707-A689-1F41FDB4D9E9}.Release|Any CPU.Build.0 = Release|Any CPU
	EndGlobalSection
	GlobalSection(SolutionProperties) = preSolution
		HideSolutionNode = FALSE
	EndGlobalSection
	GlobalSection(ExtensibilityGlobals) = postSolution
		SolutionGuid = {499E2800-550B-4DBD-9824-435F1EA5FB6F}
	EndGlobalSection
EndGlobal
