
Microsoft Visual Studio Solution File, Format Version 12.00
# Visual Studio Version 17
VisualStudioVersion = 17.5.33502.453
MinimumVisualStudioVersion = 10.0.40219.1
Project("{FAE04EC0-301F-11D3-BF4B-00C04F79EFBC}") = "SodaInheritance", "SodaInheritance.csproj", "{9F0956C8-BB84-4E3D-8806-E481FBD8474E}"
EndProject
Global
	GlobalSection(SolutionConfigurationPlatforms) = preSolution
		Debug|Any CPU = Debug|Any CPU
		Release|Any CPU = Release|Any CPU
	EndGlobalSection
	GlobalSection(ProjectConfigurationPlatforms) = postSolution
		{9F0956C8-BB84-4E3D-8806-E481FBD8474E}.Debug|Any CPU.ActiveCfg = Debug|Any CPU
		{9F0956C8-BB84-4E3D-8806-E481FBD8474E}.Debug|Any CPU.Build.0 = Debug|Any CPU
		{9F0956C8-BB84-4E3D-8806-E481FBD8474E}.Release|Any CPU.ActiveCfg = Release|Any CPU
		{9F0956C8-BB84-4E3D-8806-E481FBD8474E}.Release|Any CPU.Build.0 = Release|Any CPU
	EndGlobalSection
	GlobalSection(SolutionProperties) = preSolution
		HideSolutionNode = FALSE
	EndGlobalSection
	GlobalSection(ExtensibilityGlobals) = postSolution
		SolutionGuid = {4C6C728F-9B69-4A91-A52A-427286F60AFD}
	EndGlobalSection
EndGlobal
