
Microsoft Visual Studio Solution File, Format Version 12.00
# Visual Studio Version 17
VisualStudioVersion = 17.5.33502.453
MinimumVisualStudioVersion = 10.0.40219.1
Project("{FAE04EC0-301F-11D3-BF4B-00C04F79EFBC}") = "Unit12-LabProgram", "Unit12-LabProgram.csproj", "{59D07212-D041-45CC-9B52-1D83F6103477}"
EndProject
Global
	GlobalSection(SolutionConfigurationPlatforms) = preSolution
		Debug|Any CPU = Debug|Any CPU
		Release|Any CPU = Release|Any CPU
	EndGlobalSection
	GlobalSection(ProjectConfigurationPlatforms) = postSolution
		{59D07212-D041-45CC-9B52-1D83F6103477}.Debug|Any CPU.ActiveCfg = Debug|Any CPU
		{59D07212-D041-45CC-9B52-1D83F6103477}.Debug|Any CPU.Build.0 = Debug|Any CPU
		{59D07212-D041-45CC-9B52-1D83F6103477}.Release|Any CPU.ActiveCfg = Release|Any CPU
		{59D07212-D041-45CC-9B52-1D83F6103477}.Release|Any CPU.Build.0 = Release|Any CPU
	EndGlobalSection
	GlobalSection(SolutionProperties) = preSolution
		HideSolutionNode = FALSE
	EndGlobalSection
	GlobalSection(ExtensibilityGlobals) = postSolution
		SolutionGuid = {94DE7398-7CB0-401A-BEC4-9EACA1C1FBA9}
	EndGlobalSection
EndGlobal
