
Microsoft Visual Studio Solution File, Format Version 12.00
# Visual Studio Version 17
VisualStudioVersion = 17.5.33502.453
MinimumVisualStudioVersion = 10.0.40219.1
Project("{FAE04EC0-301F-11D3-BF4B-00C04F79EFBC}") = "OO-More Features", "OO-More Features.csproj", "{881A549F-F6C5-4630-BFA5-CE4249272DEF}"
EndProject
Global
	GlobalSection(SolutionConfigurationPlatforms) = preSolution
		Debug|Any CPU = Debug|Any CPU
		Release|Any CPU = Release|Any CPU
	EndGlobalSection
	GlobalSection(ProjectConfigurationPlatforms) = postSolution
		{881A549F-F6C5-4630-BFA5-CE4249272DEF}.Debug|Any CPU.ActiveCfg = Debug|Any CPU
		{881A549F-F6C5-4630-BFA5-CE4249272DEF}.Debug|Any CPU.Build.0 = Debug|Any CPU
		{881A549F-F6C5-4630-BFA5-CE4249272DEF}.Release|Any CPU.ActiveCfg = Release|Any CPU
		{881A549F-F6C5-4630-BFA5-CE4249272DEF}.Release|Any CPU.Build.0 = Release|Any CPU
	EndGlobalSection
	GlobalSection(SolutionProperties) = preSolution
		HideSolutionNode = FALSE
	EndGlobalSection
	GlobalSection(ExtensibilityGlobals) = postSolution
		SolutionGuid = {CAFE3307-64A8-45DF-A7EB-ED4B36C0A3B8}
	EndGlobalSection
EndGlobal
