
Microsoft Visual Studio Solution File, Format Version 12.00
# Visual Studio Version 17
VisualStudioVersion = 17.5.33502.453
MinimumVisualStudioVersion = 10.0.40219.1
Project("{FAE04EC0-301F-11D3-BF4B-00C04F79EFBC}") = "ArrayPractice1", "ArrayPractice1.csproj", "{6CF0B922-9851-4CA9-9DD1-B46980A6D06A}"
EndProject
Global
	GlobalSection(SolutionConfigurationPlatforms) = preSolution
		Debug|Any CPU = Debug|Any CPU
		Release|Any CPU = Release|Any CPU
	EndGlobalSection
	GlobalSection(ProjectConfigurationPlatforms) = postSolution
		{6CF0B922-9851-4CA9-9DD1-B46980A6D06A}.Debug|Any CPU.ActiveCfg = Debug|Any CPU
		{6CF0B922-9851-4CA9-9DD1-B46980A6D06A}.Debug|Any CPU.Build.0 = Debug|Any CPU
		{6CF0B922-9851-4CA9-9DD1-B46980A6D06A}.Release|Any CPU.ActiveCfg = Release|Any CPU
		{6CF0B922-9851-4CA9-9DD1-B46980A6D06A}.Release|Any CPU.Build.0 = Release|Any CPU
	EndGlobalSection
	GlobalSection(SolutionProperties) = preSolution
		HideSolutionNode = FALSE
	EndGlobalSection
	GlobalSection(ExtensibilityGlobals) = postSolution
		SolutionGuid = {F1ABC4F1-09AE-40B3-9063-CC7735157AF8}
	EndGlobalSection
EndGlobal
