
Microsoft Visual Studio Solution File, Format Version 12.00
# Visual Studio Version 17
VisualStudioVersion = 17.5.33502.453
MinimumVisualStudioVersion = 10.0.40219.1
Project("{FAE04EC0-301F-11D3-BF4B-00C04F79EFBC}") = "CandyList", "CandyList.csproj", "{8A70EA6F-67A3-4234-A124-14089A9EC861}"
EndProject
Global
	GlobalSection(SolutionConfigurationPlatforms) = preSolution
		Debug|Any CPU = Debug|Any CPU
		Release|Any CPU = Release|Any CPU
	EndGlobalSection
	GlobalSection(ProjectConfigurationPlatforms) = postSolution
		{8A70EA6F-67A3-4234-A124-14089A9EC861}.Debug|Any CPU.ActiveCfg = Debug|Any CPU
		{8A70EA6F-67A3-4234-A124-14089A9EC861}.Debug|Any CPU.Build.0 = Debug|Any CPU
		{8A70EA6F-67A3-4234-A124-14089A9EC861}.Release|Any CPU.ActiveCfg = Release|Any CPU
		{8A70EA6F-67A3-4234-A124-14089A9EC861}.Release|Any CPU.Build.0 = Release|Any CPU
	EndGlobalSection
	GlobalSection(SolutionProperties) = preSolution
		HideSolutionNode = FALSE
	EndGlobalSection
	GlobalSection(ExtensibilityGlobals) = postSolution
		SolutionGuid = {E50D6E6D-6D37-4387-9B1E-0A1512DBFA3C}
	EndGlobalSection
EndGlobal
